// !$*UTF8*$!
{
	archiveVersion = 1;
	classes = {
	};
	objectVersion = 46;
	objects = {

/* Begin PBXBuildFile section */
		1CFB17DC195686CB00B10F1B /* AppDelegate.swift in Sources */ = {isa = PBXBuildFile; fileRef = 1CFB17DB195686CB00B10F1B /* AppDelegate.swift */; };
		1CFB17DE195686CB00B10F1B /* Images.xcassets in Resources */ = {isa = PBXBuildFile; fileRef = 1CFB17DD195686CB00B10F1B /* Images.xcassets */; };
		1CFB17EA195686CB00B10F1B /* SWCoreDataTests.swift in Sources */ = {isa = PBXBuildFile; fileRef = 1CFB17E9195686CB00B10F1B /* SWCoreDataTests.swift */; };
		1CFB17F41956871B00B10F1B /* iPhone568.storyboard in Resources */ = {isa = PBXBuildFile; fileRef = 1CFB17F31956871B00B10F1B /* iPhone568.storyboard */; };
		1CFB17F6195687B000B10F1B /* HomeViewController.swift in Sources */ = {isa = PBXBuildFile; fileRef = 1CFB17F5195687B000B10F1B /* HomeViewController.swift */; };
		1CFB17F91956894B00B10F1B /* SWCoreData.xcdatamodeld in Sources */ = {isa = PBXBuildFile; fileRef = 1CFB17F71956894B00B10F1B /* SWCoreData.xcdatamodeld */; };
		1CFB17FD1956896B00B10F1B /* Person.m in Sources */ = {isa = PBXBuildFile; fileRef = 1CFB17FC1956896B00B10F1B /* Person.m */; };
		1CFB1800195689A600B10F1B /* Person+Create.swift in Sources */ = {isa = PBXBuildFile; fileRef = 1CFB17FF195689A600B10F1B /* Person+Create.swift */; };
		1CFB180219568D6200B10F1B /* Constants.swift in Sources */ = {isa = PBXBuildFile; fileRef = 1CFB180119568D6200B10F1B /* Constants.swift */; };
/* End PBXBuildFile section */

/* Begin PBXContainerItemProxy section */
		1CFB17E4195686CB00B10F1B /* PBXContainerItemProxy */ = {
			isa = PBXContainerItemProxy;
			containerPortal = 1CFB17CE195686CB00B10F1B /* Project object */;
			proxyType = 1;
			remoteGlobalIDString = 1CFB17D5195686CB00B10F1B;
			remoteInfo = SWCoreData;
		};
/* End PBXContainerItemProxy section */

/* Begin PBXFileReference section */
		1CFB17D6195686CB00B10F1B /* SWCoreData.app */ = {isa = PBXFileReference; explicitFileType = wrapper.application; includeInIndex = 0; path = SWCoreData.app; sourceTree = BUILT_PRODUCTS_DIR; };
		1CFB17DA195686CB00B10F1B /* Info.plist */ = {isa = PBXFileReference; lastKnownFileType = text.plist.xml; path = Info.plist; sourceTree = "<group>"; };
		1CFB17DB195686CB00B10F1B /* AppDelegate.swift */ = {isa = PBXFileReference; lastKnownFileType = sourcecode.swift; path = AppDelegate.swift; sourceTree = "<group>"; };
		1CFB17DD195686CB00B10F1B /* Images.xcassets */ = {isa = PBXFileReference; lastKnownFileType = folder.assetcatalog; path = Images.xcassets; sourceTree = "<group>"; };
		1CFB17E3195686CB00B10F1B /* SWCoreDataTests.xctest */ = {isa = PBXFileReference; explicitFileType = wrapper.cfbundle; includeInIndex = 0; path = SWCoreDataTests.xctest; sourceTree = BUILT_PRODUCTS_DIR; };
		1CFB17E8195686CB00B10F1B /* Info.plist */ = {isa = PBXFileReference; lastKnownFileType = text.plist.xml; path = Info.plist; sourceTree = "<group>"; };
		1CFB17E9195686CB00B10F1B /* SWCoreDataTests.swift */ = {isa = PBXFileReference; lastKnownFileType = sourcecode.swift; path = SWCoreDataTests.swift; sourceTree = "<group>"; };
		1CFB17F31956871B00B10F1B /* iPhone568.storyboard */ = {isa = PBXFileReference; fileEncoding = 4; lastKnownFileType = file.storyboard; path = iPhone568.storyboard; sourceTree = "<group>"; };
		1CFB17F5195687B000B10F1B /* HomeViewController.swift */ = {isa = PBXFileReference; fileEncoding = 4; lastKnownFileType = sourcecode.swift; path = HomeViewController.swift; sourceTree = "<group>"; };
		1CFB17F81956894B00B10F1B /* SWCoreData.xcdatamodel */ = {isa = PBXFileReference; lastKnownFileType = wrapper.xcdatamodel; path = SWCoreData.xcdatamodel; sourceTree = "<group>"; };
		1CFB17FA1956896B00B10F1B /* SWCoreData-Bridging-Header.h */ = {isa = PBXFileReference; lastKnownFileType = sourcecode.c.h; path = "SWCoreData-Bridging-Header.h"; sourceTree = "<group>"; };
		1CFB17FB1956896B00B10F1B /* Person.h */ = {isa = PBXFileReference; fileEncoding = 4; lastKnownFileType = sourcecode.c.h; path = Person.h; sourceTree = "<group>"; };
		1CFB17FC1956896B00B10F1B /* Person.m */ = {isa = PBXFileReference; fileEncoding = 4; lastKnownFileType = sourcecode.c.objc; path = Person.m; sourceTree = "<group>"; };
		1CFB17FF195689A600B10F1B /* Person+Create.swift */ = {isa = PBXFileReference; fileEncoding = 4; lastKnownFileType = sourcecode.swift; path = "Person+Create.swift"; sourceTree = "<group>"; };
		1CFB180119568D6200B10F1B /* Constants.swift */ = {isa = PBXFileReference; fileEncoding = 4; lastKnownFileType = sourcecode.swift; path = Constants.swift; sourceTree = "<group>"; };
/* End PBXFileReference section */

/* Begin PBXFrameworksBuildPhase section */
		1CFB17D3195686CB00B10F1B /* Frameworks */ = {
			isa = PBXFrameworksBuildPhase;
			buildActionMask = 2147483647;
			files = (
			);
			runOnlyForDeploymentPostprocessing = 0;
		};
		1CFB17E0195686CB00B10F1B /* Frameworks */ = {
			isa = PBXFrameworksBuildPhase;
			buildActionMask = 2147483647;
			files = (
			);
			runOnlyForDeploymentPostprocessing = 0;
		};
/* End PBXFrameworksBuildPhase section */

/* Begin PBXGroup section */
		1CFB17CD195686CB00B10F1B = {
			isa = PBXGroup;
			children = (
				1CFB17D8195686CB00B10F1B /* SWCoreData */,
				1CFB17E6195686CB00B10F1B /* SWCoreDataTests */,
				1CFB17D7195686CB00B10F1B /* Products */,
			);
			sourceTree = "<group>";
		};
		1CFB17D7195686CB00B10F1B /* Products */ = {
			isa = PBXGroup;
			children = (
				1CFB17D6195686CB00B10F1B /* SWCoreData.app */,
				1CFB17E3195686CB00B10F1B /* SWCoreDataTests.xctest */,
			);
			name = Products;
			sourceTree = "<group>";
		};
		1CFB17D8195686CB00B10F1B /* SWCoreData */ = {
			isa = PBXGroup;
			children = (
				1CFB17DB195686CB00B10F1B /* AppDelegate.swift */,
				1CFB180119568D6200B10F1B /* Constants.swift */,
				1CFB17F5195687B000B10F1B /* HomeViewController.swift */,
				1CFB17F31956871B00B10F1B /* iPhone568.storyboard */,
				1CFB17FE1956897300B10F1B /* Core Data */,
				1CFB17DD195686CB00B10F1B /* Images.xcassets */,
				1CFB17D9195686CB00B10F1B /* Supporting Files */,
				1CFB17FA1956896B00B10F1B /* SWCoreData-Bridging-Header.h */,
			);
			path = SWCoreData;
			sourceTree = "<group>";
		};
		1CFB17D9195686CB00B10F1B /* Supporting Files */ = {
			isa = PBXGroup;
			children = (
				1CFB17DA195686CB00B10F1B /* Info.plist */,
			);
			name = "Supporting Files";
			sourceTree = "<group>";
		};
		1CFB17E6195686CB00B10F1B /* SWCoreDataTests */ = {
			isa = PBXGroup;
			children = (
				1CFB17E9195686CB00B10F1B /* SWCoreDataTests.swift */,
				1CFB17E7195686CB00B10F1B /* Supporting Files */,
			);
			path = SWCoreDataTests;
			sourceTree = "<group>";
		};
		1CFB17E7195686CB00B10F1B /* Supporting Files */ = {
			isa = PBXGroup;
			children = (
				1CFB17E8195686CB00B10F1B /* Info.plist */,
			);
			name = "Supporting Files";
			sourceTree = "<group>";
		};
		1CFB17FE1956897300B10F1B /* Core Data */ = {
			isa = PBXGroup;
			children = (
				1CFB17F71956894B00B10F1B /* SWCoreData.xcdatamodeld */,
				1CFB17FB1956896B00B10F1B /* Person.h */,
				1CFB17FC1956896B00B10F1B /* Person.m */,
				1CFB17FF195689A600B10F1B /* Person+Create.swift */,
			);
			name = "Core Data";
			sourceTree = "<group>";
		};
/* End PBXGroup section */

/* Begin PBXNativeTarget section */
		1CFB17D5195686CB00B10F1B /* SWCoreData */ = {
			isa = PBXNativeTarget;
			buildConfigurationList = 1CFB17ED195686CB00B10F1B /* Build configuration list for PBXNativeTarget "SWCoreData" */;
			buildPhases = (
				1CFB17D2195686CB00B10F1B /* Sources */,
				1CFB17D3195686CB00B10F1B /* Frameworks */,
				1CFB17D4195686CB00B10F1B /* Resources */,
			);
			buildRules = (
			);
			dependencies = (
			);
			name = SWCoreData;
			productName = SWCoreData;
			productReference = 1CFB17D6195686CB00B10F1B /* SWCoreData.app */;
			productType = "com.apple.product-type.application";
		};
		1CFB17E2195686CB00B10F1B /* SWCoreDataTests */ = {
			isa = PBXNativeTarget;
			buildConfigurationList = 1CFB17F0195686CB00B10F1B /* Build configuration list for PBXNativeTarget "SWCoreDataTests" */;
			buildPhases = (
				1CFB17DF195686CB00B10F1B /* Sources */,
				1CFB17E0195686CB00B10F1B /* Frameworks */,
				1CFB17E1195686CB00B10F1B /* Resources */,
			);
			buildRules = (
			);
			dependencies = (
				1CFB17E5195686CB00B10F1B /* PBXTargetDependency */,
			);
			name = SWCoreDataTests;
			productName = SWCoreDataTests;
			productReference = 1CFB17E3195686CB00B10F1B /* SWCoreDataTests.xctest */;
			productType = "com.apple.product-type.bundle.unit-test";
		};
/* End PBXNativeTarget section */

/* Begin PBXProject section */
		1CFB17CE195686CB00B10F1B /* Project object */ = {
			isa = PBXProject;
			attributes = {
				LastUpgradeCheck = 0600;
				ORGANIZATIONNAME = "Michael Babiy";
				TargetAttributes = {
					1CFB17D5195686CB00B10F1B = {
						CreatedOnToolsVersion = 6.0;
					};
					1CFB17E2195686CB00B10F1B = {
						CreatedOnToolsVersion = 6.0;
						TestTargetID = 1CFB17D5195686CB00B10F1B;
					};
				};
			};
			buildConfigurationList = 1CFB17D1195686CB00B10F1B /* Build configuration list for PBXProject "SWCoreData" */;
			compatibilityVersion = "Xcode 3.2";
			developmentRegion = English;
			hasScannedForEncodings = 0;
			knownRegions = (
				en,
			);
			mainGroup = 1CFB17CD195686CB00B10F1B;
			productRefGroup = 1CFB17D7195686CB00B10F1B /* Products */;
			projectDirPath = "";
			projectRoot = "";
			targets = (
				1CFB17D5195686CB00B10F1B /* SWCoreData */,
				1CFB17E2195686CB00B10F1B /* SWCoreDataTests */,
			);
		};
/* End PBXProject section */

/* Begin PBXResourcesBuildPhase section */
		1CFB17D4195686CB00B10F1B /* Resources */ = {
			isa = PBXResourcesBuildPhase;
			buildActionMask = 2147483647;
			files = (
				1CFB17DE195686CB00B10F1B /* Images.xcassets in Resources */,
				1CFB17F41956871B00B10F1B /* iPhone568.storyboard in Resources */,
			);
			runOnlyForDeploymentPostprocessing = 0;
		};
		1CFB17E1195686CB00B10F1B /* Resources */ = {
			isa = PBXResourcesBuildPhase;
			buildActionMask = 2147483647;
			files = (
			);
			runOnlyForDeploymentPostprocessing = 0;
		};
/* End PBXResourcesBuildPhase section */

/* Begin PBXSourcesBuildPhase section */
		1CFB17D2195686CB00B10F1B /* Sources */ = {
			isa = PBXSourcesBuildPhase;
			buildActionMask = 2147483647;
			files = (
				1CFB17F91956894B00B10F1B /* SWCoreData.xcdatamodeld in Sources */,
				1CFB17DC195686CB00B10F1B /* AppDelegate.swift in Sources */,
				1CFB17FD1956896B00B10F1B /* Person.m in Sources */,
				1CFB17F6195687B000B10F1B /* HomeViewController.swift in Sources */,
				1CFB1800195689A600B10F1B /* Person+Create.swift in Sources */,
				1CFB180219568D6200B10F1B /* Constants.swift in Sources */,
			);
			runOnlyForDeploymentPostprocessing = 0;
		};
		1CFB17DF195686CB00B10F1B /* Sources */ = {
			isa = PBXSourcesBuildPhase;
			buildActionMask = 2147483647;
			files = (
				1CFB17EA195686CB00B10F1B /* SWCoreDataTests.swift in Sources */,
			);
			runOnlyForDeploymentPostprocessing = 0;
		};
/* End PBXSourcesBuildPhase section */

/* Begin PBXTargetDependency section */
		1CFB17E5195686CB00B10F1B /* PBXTargetDependency */ = {
			isa = PBXTargetDependency;
			target = 1CFB17D5195686CB00B10F1B /* SWCoreData */;
			targetProxy = 1CFB17E4195686CB00B10F1B /* PBXContainerItemProxy */;
		};
/* End PBXTargetDependency section */

/* Begin XCBuildConfiguration section */
		1CFB17EB195686CB00B10F1B /* Debug */ = {
			isa = XCBuildConfiguration;
			buildSettings = {
				ALWAYS_SEARCH_USER_PATHS = NO;
				CLANG_CXX_LANGUAGE_STANDARD = "gnu++0x";
				CLANG_CXX_LIBRARY = "libc++";
				CLANG_ENABLE_MODULES = YES;
				CLANG_ENABLE_OBJC_ARC = YES;
				CLANG_WARN_BOOL_CONVERSION = YES;
				CLANG_WARN_CONSTANT_CONVERSION = YES;
				CLANG_WARN_DIRECT_OBJC_ISA_USAGE = YES_ERROR;
				CLANG_WARN_EMPTY_BODY = YES;
				CLANG_WARN_ENUM_CONVERSION = YES;
				CLANG_WARN_INT_CONVERSION = YES;
				CLANG_WARN_OBJC_ROOT_CLASS = YES_ERROR;
				CLANG_WARN_UNREACHABLE_CODE = YES;
				CLANG_WARN__DUPLICATE_METHOD_MATCH = YES;
				"CODE_SIGN_IDENTITY[sdk=iphoneos*]" = "iPhone Developer";
				COPY_PHASE_STRIP = NO;
				ENABLE_STRICT_OBJC_MSGSEND = YES;
				GCC_C_LANGUAGE_STANDARD = gnu99;
				GCC_DYNAMIC_NO_PIC = NO;
				GCC_OPTIMIZATION_LEVEL = 0;
				GCC_PREPROCESSOR_DEFINITIONS = (
					"DEBUG=1",
					"$(inherited)",
				);
				GCC_SYMBOLS_PRIVATE_EXTERN = NO;
				GCC_WARN_64_TO_32_BIT_CONVERSION = YES;
				GCC_WARN_ABOUT_RETURN_TYPE = YES_ERROR;
				GCC_WARN_UNDECLARED_SELECTOR = YES;
				GCC_WARN_UNINITIALIZED_AUTOS = YES_AGGRESSIVE;
				GCC_WARN_UNUSED_FUNCTION = YES;
				GCC_WARN_UNUSED_VARIABLE = YES;
				IPHONEOS_DEPLOYMENT_TARGET = 8.0;
				METAL_ENABLE_DEBUG_INFO = YES;
				ONLY_ACTIVE_ARCH = YES;
				SDKROOT = iphoneos;
				SWIFT_OPTIMIZATION_LEVEL = "-Onone";
			};
			name = Debug;
		};
		1CFB17EC195686CB00B10F1B /* Release */ = {
			isa = XCBuildConfiguration;
			buildSettings = {
				ALWAYS_SEARCH_USER_PATHS = NO;
				CLANG_CXX_LANGUAGE_STANDARD = "gnu++0x";
				CLANG_CXX_LIBRARY = "libc++";
				CLANG_ENABLE_MODULES = YES;
				CLANG_ENABLE_OBJC_ARC = YES;
				CLANG_WARN_BOOL_CONVERSION = YES;
				CLANG_WARN_CONSTANT_CONVERSION = YES;
				CLANG_WARN_DIRECT_OBJC_ISA_USAGE = YES_ERROR;
				CLANG_WARN_EMPTY_BODY = YES;
				CLANG_WARN_ENUM_CONVERSION = YES;
				CLANG_WARN_INT_CONVERSION = YES;
				CLANG_WARN_OBJC_ROOT_CLASS = YES_ERROR;
				CLANG_WARN_UNREACHABLE_CODE = YES;
				CLANG_WARN__DUPLICATE_METHOD_MATCH = YES;
				"CODE_SIGN_IDENTITY[sdk=iphoneos*]" = "iPhone Developer";
				COPY_PHASE_STRIP = YES;
				ENABLE_NS_ASSERTIONS = NO;
				ENABLE_STRICT_OBJC_MSGSEND = YES;
				GCC_C_LANGUAGE_STANDARD = gnu99;
				GCC_WARN_64_TO_32_BIT_CONVERSION = YES;
				GCC_WARN_ABOUT_RETURN_TYPE = YES_ERROR;
				GCC_WARN_UNDECLARED_SELECTOR = YES;
				GCC_WARN_UNINITIALIZED_AUTOS = YES_AGGRESSIVE;
				GCC_WARN_UNUSED_FUNCTION = YES;
				GCC_WARN_UNUSED_VARIABLE = YES;
				IPHONEOS_DEPLOYMENT_TARGET = 8.0;
				METAL_ENABLE_DEBUG_INFO = NO;
				SDKROOT = iphoneos;
				VALIDATE_PRODUCT = YES;
			};
			name = Release;
		};
		1CFB17EE195686CB00B10F1B /* Debug */ = {
			isa = XCBuildConfiguration;
			buildSettings = {
				ASSETCATALOG_COMPILER_APPICON_NAME = AppIcon;
				ASSETCATALOG_COMPILER_LAUNCHIMAGE_NAME = LaunchImage;
				CLANG_ENABLE_MODULES = YES;
				INFOPLIST_FILE = SWCoreData/Info.plist;
				IPHONEOS_DEPLOYMENT_TARGET = 8.0;
				LD_RUNPATH_SEARCH_PATHS = "$(inherited) @executable_path/Frameworks";
				PRODUCT_NAME = "$(TARGET_NAME)";
				SWIFT_OBJC_BRIDGING_HEADER = "SWCoreData/SWCoreData-Bridging-Header.h";
				SWIFT_OPTIMIZATION_LEVEL = "-Onone";
			};
			name = Debug;
		};
		1CFB17EF195686CB00B10F1B /* Release */ = {
			isa = XCBuildConfiguration;
			buildSettings = {
				ASSETCATALOG_COMPILER_APPICON_NAME = AppIcon;
				ASSETCATALOG_COMPILER_LAUNCHIMAGE_NAME = LaunchImage;
				CLANG_ENABLE_MODULES = YES;
				INFOPLIST_FILE = SWCoreData/Info.plist;
				IPHONEOS_DEPLOYMENT_TARGET = 8.0;
				LD_RUNPATH_SEARCH_PATHS = "$(inherited) @executable_path/Frameworks";
				PRODUCT_NAME = "$(TARGET_NAME)";
				SWIFT_OBJC_BRIDGING_HEADER = "SWCoreData/SWCoreData-Bridging-Header.h";
			};
			name = Release;
		};
		1CFB17F1195686CB00B10F1B /* Debug */ = {
			isa = XCBuildConfiguration;
			buildSettings = {
				BUNDLE_LOADER = "$(BUILT_PRODUCTS_DIR)/SWCoreData.app/SWCoreData";
				FRAMEWORK_SEARCH_PATHS = (
					"$(SDKROOT)/Developer/Library/Frameworks",
					"$(inherited)",
				);
				GCC_PREPROCESSOR_DEFINITIONS = (
					"DEBUG=1",
					"$(inherited)",
				);
				INFOPLIST_FILE = SWCoreDataTests/Info.plist;
				LD_RUNPATH_SEARCH_PATHS = "$(inherited) @executable_path/Frameworks @loader_path/Frameworks";
				METAL_ENABLE_DEBUG_INFO = YES;
				PRODUCT_NAME = "$(TARGET_NAME)";
				TEST_HOST = "$(BUNDLE_LOADER)";
			};
			name = Debug;
		};
		1CFB17F2195686CB00B10F1B /* Release */ = {
			isa = XCBuildConfiguration;
			buildSettings = {
				BUNDLE_LOADER = "$(BUILT_PRODUCTS_DIR)/SWCoreData.app/SWCoreData";
				FRAMEWORK_SEARCH_PATHS = (
					"$(SDKROOT)/Developer/Library/Frameworks",
					"$(inherited)",
				);
				INFOPLIST_FILE = SWCoreDataTests/Info.plist;
				LD_RUNPATH_SEARCH_PATHS = "$(inherited) @executable_path/Frameworks @loader_path/Frameworks";
				METAL_ENABLE_DEBUG_INFO = NO;
				PRODUCT_NAME = "$(TARGET_NAME)";
				TEST_HOST = "$(BUNDLE_LOADER)";
			};
			name = Release;
		};
/* End XCBuildConfiguration section */

/* Begin XCConfigurationList section */
		1CFB17D1195686CB00B10F1B /* Build configuration list for PBXProject "SWCoreData" */ = {
			isa = XCConfigurationList;
			buildConfigurations = (
				1CFB17EB195686CB00B10F1B /* Debug */,
				1CFB17EC195686CB00B10F1B /* Release */,
			);
			defaultConfigurationIsVisible = 0;
			defaultConfigurationName = Release;
		};
		1CFB17ED195686CB00B10F1B /* Build configuration list for PBXNativeTarget "SWCoreData" */ = {
			isa = XCConfigurationList;
			buildConfigurations = (
				1CFB17EE195686CB00B10F1B /* Debug */,
				1CFB17EF195686CB00B10F1B /* Release */,
			);
			defaultConfigurationIsVisible = 0;
		};
		1CFB17F0195686CB00B10F1B /* Build configuration list for PBXNativeTarget "SWCoreDataTests" */ = {
			isa = XCConfigurationList;
			buildConfigurations = (
				1CFB17F1195686CB00B10F1B /* Debug */,
				1CFB17F2195686CB00B10F1B /* Release */,
			);
			defaultConfigurationIsVisible = 0;
		};
/* End XCConfigurationList section */

/* Begin XCVersionGroup section */
		1CFB17F71956894B00B10F1B /* SWCoreData.xcdatamodeld */ = {
			isa = XCVersionGroup;
			children = (
				1CFB17F81956894B00B10F1B /* SWCoreData.xcdatamodel */,
			);
			currentVersion = 1CFB17F81956894B00B10F1B /* SWCoreData.xcdatamodel */;
			path = SWCoreData.xcdatamodeld;
			sourceTree = "<group>";
			versionGroupType = wrapper.xcdatamodel;
		};
/* End XCVersionGroup section */
	};
	rootObject = 1CFB17CE195686CB00B10F1B /* Project object */;
}
